
Microsoft Visual Studio Solution File, Format Version 12.00
# Visual Studio Version 17
VisualStudioVersion = 17.8.34511.84
MinimumVisualStudioVersion = 10.0.40219.1
Project("{2150E333-8FDC-42A3-9474-1A3956D46DE8}") = "Level0", "Level0", "{B048D523-B42D-4976-9291-D04FD8764126}"
EndProject
Project("{2150E333-8FDC-42A3-9474-1A3956D46DE8}") = "Level1", "Level1", "{3F85F439-04C3-4FA8-8C5C-95BBD66B49FD}"
EndProject
Project("{2150E333-8FDC-42A3-9474-1A3956D46DE8}") = "Level2", "Level2", "{5AF4D329-78D4-4D3C-B451-E08CF54E58BB}"
EndProject
Project("{2150E333-8FDC-42A3-9474-1A3956D46DE8}") = "Level3", "Level3", "{A1668B0B-48A5-44D7-BD67-B30054B803D3}"
EndProject
Project("{2150E333-8FDC-42A3-9474-1A3956D46DE8}") = "Level4", "Level4", "{A9D969E8-81BB-4CB3-82F2-93ADC122F5B0}"
EndProject
Project("{8BC9CEB8-8B4A-11D0-8D11-00A0C91BC942}") = "EngineBase", "EngineBase\EngineBase.vcxproj", "{35CF8F2C-F67D-452D-9F30-D98BB335C4A6}"
EndProject
Project("{8BC9CEB8-8B4A-11D0-8D11-00A0C91BC942}") = "EnginePlatform", "EnginePlatform\EnginePlatform.vcxproj", "{41DEB445-4A6F-435E-9EB8-38C716B641D3}"
EndProject
Project("{8BC9CEB8-8B4A-11D0-8D11-00A0C91BC942}") = "EngineCore", "EngineCore\EngineCore.vcxproj", "{0E23E3BB-7F91-4C4B-8D59-31E8F880CC0B}"
EndProject
Project("{8BC9CEB8-8B4A-11D0-8D11-00A0C91BC942}") = "MarioContents", "MarioContents\MarioContents.vcxproj", "{094CCDB0-217F-4834-B6FE-EEA31E835243}"
EndProject
Project("{8BC9CEB8-8B4A-11D0-8D11-00A0C91BC942}") = "App", "App\App.vcxproj", "{EDD97005-6BE3-4F6F-A4B1-6A8C6997C616}"
EndProject
Project("{2150E333-8FDC-42A3-9474-1A3956D46DE8}") = "Player", "Player", "{CD7B7FD7-FFB4-4F1F-96A2-061A0A285151}"
	ProjectSection(SolutionItems) = preProject
		MarioContents\Player.cpp = MarioContents\Player.cpp
		MarioContents\Player.h = MarioContents\Player.h
	EndProjectSection
EndProject
Global
	GlobalSection(SolutionConfigurationPlatforms) = preSolution
		Debug|x64 = Debug|x64
		Debug|x86 = Debug|x86
		Release|x64 = Release|x64
		Release|x86 = Release|x86
	EndGlobalSection
	GlobalSection(ProjectConfigurationPlatforms) = postSolution
		{35CF8F2C-F67D-452D-9F30-D98BB335C4A6}.Debug|x64.ActiveCfg = Debug|x64
		{35CF8F2C-F67D-452D-9F30-D98BB335C4A6}.Debug|x64.Build.0 = Debug|x64
		{35CF8F2C-F67D-452D-9F30-D98BB335C4A6}.Debug|x86.ActiveCfg = Debug|Win32
		{35CF8F2C-F67D-452D-9F30-D98BB335C4A6}.Debug|x86.Build.0 = Debug|Win32
		{35CF8F2C-F67D-452D-9F30-D98BB335C4A6}.Release|x64.ActiveCfg = Release|x64
		{35CF8F2C-F67D-452D-9F30-D98BB335C4A6}.Release|x64.Build.0 = Release|x64
		{35CF8F2C-F67D-452D-9F30-D98BB335C4A6}.Release|x86.ActiveCfg = Release|Win32
		{35CF8F2C-F67D-452D-9F30-D98BB335C4A6}.Release|x86.Build.0 = Release|Win32
		{41DEB445-4A6F-435E-9EB8-38C716B641D3}.Debug|x64.ActiveCfg = Debug|x64
		{41DEB445-4A6F-435E-9EB8-38C716B641D3}.Debug|x64.Build.0 = Debug|x64
		{41DEB445-4A6F-435E-9EB8-38C716B641D3}.Debug|x86.ActiveCfg = Debug|Win32
		{41DEB445-4A6F-435E-9EB8-38C716B641D3}.Debug|x86.Build.0 = Debug|Win32
		{41DEB445-4A6F-435E-9EB8-38C716B641D3}.Release|x64.ActiveCfg = Release|x64
		{41DEB445-4A6F-435E-9EB8-38C716B641D3}.Release|x64.Build.0 = Release|x64
		{41DEB445-4A6F-435E-9EB8-38C716B641D3}.Release|x86.ActiveCfg = Release|Win32
		{41DEB445-4A6F-435E-9EB8-38C716B641D3}.Release|x86.Build.0 = Release|Win32
		{0E23E3BB-7F91-4C4B-8D59-31E8F880CC0B}.Debug|x64.ActiveCfg = Debug|x64
		{0E23E3BB-7F91-4C4B-8D59-31E8F880CC0B}.Debug|x64.Build.0 = Debug|x64
		{0E23E3BB-7F91-4C4B-8D59-31E8F880CC0B}.Debug|x86.ActiveCfg = Debug|Win32
		{0E23E3BB-7F91-4C4B-8D59-31E8F880CC0B}.Debug|x86.Build.0 = Debug|Win32
		{0E23E3BB-7F91-4C4B-8D59-31E8F880CC0B}.Release|x64.ActiveCfg = Release|x64
		{0E23E3BB-7F91-4C4B-8D59-31E8F880CC0B}.Release|x64.Build.0 = Release|x64
		{0E23E3BB-7F91-4C4B-8D59-31E8F880CC0B}.Release|x86.ActiveCfg = Release|Win32
		{0E23E3BB-7F91-4C4B-8D59-31E8F880CC0B}.Release|x86.Build.0 = Release|Win32
		{094CCDB0-217F-4834-B6FE-EEA31E835243}.Debug|x64.ActiveCfg = Debug|x64
		{094CCDB0-217F-4834-B6FE-EEA31E835243}.Debug|x64.Build.0 = Debug|x64
		{094CCDB0-217F-4834-B6FE-EEA31E835243}.Debug|x86.ActiveCfg = Debug|Win32
		{094CCDB0-217F-4834-B6FE-EEA31E835243}.Debug|x86.Build.0 = Debug|Win32
		{094CCDB0-217F-4834-B6FE-EEA31E835243}.Release|x64.ActiveCfg = Release|x64
		{094CCDB0-217F-4834-B6FE-EEA31E835243}.Release|x64.Build.0 = Release|x64
		{094CCDB0-217F-4834-B6FE-EEA31E835243}.Release|x86.ActiveCfg = Release|Win32
		{094CCDB0-217F-4834-B6FE-EEA31E835243}.Release|x86.Build.0 = Release|Win32
		{EDD97005-6BE3-4F6F-A4B1-6A8C6997C616}.Debug|x64.ActiveCfg = Debug|x64
		{EDD97005-6BE3-4F6F-A4B1-6A8C6997C616}.Debug|x64.Build.0 = Debug|x64
		{EDD97005-6BE3-4F6F-A4B1-6A8C6997C616}.Debug|x86.ActiveCfg = Debug|Win32
		{EDD97005-6BE3-4F6F-A4B1-6A8C6997C616}.Debug|x86.Build.0 = Debug|Win32
		{EDD97005-6BE3-4F6F-A4B1-6A8C6997C616}.Release|x64.ActiveCfg = Release|x64
		{EDD97005-6BE3-4F6F-A4B1-6A8C6997C616}.Release|x64.Build.0 = Release|x64
		{EDD97005-6BE3-4F6F-A4B1-6A8C6997C616}.Release|x86.ActiveCfg = Release|Win32
		{EDD97005-6BE3-4F6F-A4B1-6A8C6997C616}.Release|x86.Build.0 = Release|Win32
	EndGlobalSection
	GlobalSection(SolutionProperties) = preSolution
		HideSolutionNode = FALSE
	EndGlobalSection
	GlobalSection(NestedProjects) = preSolution
		{35CF8F2C-F67D-452D-9F30-D98BB335C4A6} = {B048D523-B42D-4976-9291-D04FD8764126}
		{41DEB445-4A6F-435E-9EB8-38C716B641D3} = {3F85F439-04C3-4FA8-8C5C-95BBD66B49FD}
		{0E23E3BB-7F91-4C4B-8D59-31E8F880CC0B} = {5AF4D329-78D4-4D3C-B451-E08CF54E58BB}
		{094CCDB0-217F-4834-B6FE-EEA31E835243} = {A1668B0B-48A5-44D7-BD67-B30054B803D3}
		{EDD97005-6BE3-4F6F-A4B1-6A8C6997C616} = {A9D969E8-81BB-4CB3-82F2-93ADC122F5B0}
		{CD7B7FD7-FFB4-4F1F-96A2-061A0A285151} = {A1668B0B-48A5-44D7-BD67-B30054B803D3}
	EndGlobalSection
	GlobalSection(ExtensibilityGlobals) = postSolution
		SolutionGuid = {3CD62612-6A02-4B34-9BE7-48D8645AC086}
	EndGlobalSection
EndGlobal
