<?xml version="1.0" encoding="utf-8"?>
<Project ToolsVersion="4.0" xmlns="http://schemas.microsoft.com/developer/msbuild/2003">
  <ItemGroup>
    <ClInclude Include="ContentsCore.h" />
    <ClInclude Include="TitleLevel.h">
      <Filter>Level\Title</Filter>
    </ClInclude>
    <ClInclude Include="TitleBackGround.h">
      <Filter>Level\Title\Actor</Filter>
    </ClInclude>
    <ClInclude Include="TitleCoin.h">
      <Filter>Level\Title\Actor</Filter>
    </ClInclude>
    <ClInclude Include="1_1StageLevel.h">
      <Filter>Level\Stage1-1</Filter>
    </ClInclude>
    <ClInclude Include="PlayerMario.h">
      <Filter>Object\Player</Filter>
    </ClInclude>
    <ClInclude Include="EndingLevel.h">
      <Filter>Level\Ending</Filter>
    </ClInclude>
    <ClInclude Include="EndingBackGround.h">
      <Filter>Level\Ending\Actor</Filter>
    </ClInclude>
    <ClInclude Include="EndingMessage.h">
      <Filter>Level\Ending\Actor</Filter>
    </ClInclude>
    <ClInclude Include="InGameValue.h">
      <Filter>ContentsHelper</Filter>
    </ClInclude>
    <ClInclude Include="EnumClass.h">
      <Filter>ContentsHelper</Filter>
    </ClInclude>
    <ClInclude Include="ContentsFunction.h">
      <Filter>ContentsHelper</Filter>
    </ClInclude>
    <ClInclude Include="Goomba.h">
      <Filter>Object\Monster</Filter>
    </ClInclude>
    <ClInclude Include="KoopaTroopa.h">
      <Filter>Object\Monster</Filter>
    </ClInclude>
    <ClInclude Include="StateUnit.h">
      <Filter>Object</Filter>
    </ClInclude>
    <ClInclude Include="PiranhaPlant.h">
      <Filter>Object\Monster</Filter>
    </ClInclude>
    <ClInclude Include="TestLevel.h">
      <Filter>Level\TestLevel</Filter>
    </ClInclude>
    <ClInclude Include="UI.h">
      <Filter>Object\UI</Filter>
    </ClInclude>
    <ClInclude Include="CoinBlock.h">
      <Filter>Object\Block</Filter>
    </ClInclude>
    <ClInclude Include="BrickBlock.h">
      <Filter>Object\Block</Filter>
    </ClInclude>
    <ClInclude Include="ItemUnit.h">
      <Filter>Object\Item</Filter>
    </ClInclude>
    <ClInclude Include="BlockUnit.h">
      <Filter>Object\Block</Filter>
    </ClInclude>
    <ClInclude Include="MonsterUnit.h">
      <Filter>Object\Monster</Filter>
    </ClInclude>
    <ClInclude Include="BlockCoin.h">
      <Filter>Object\Item</Filter>
    </ClInclude>
    <ClInclude Include="Mushroom.h">
      <Filter>Object\Item</Filter>
    </ClInclude>
    <ClInclude Include="FireFlower.h">
      <Filter>Object\Item</Filter>
    </ClInclude>
    <ClInclude Include="StageLevel.h">
      <Filter>Level</Filter>
    </ClInclude>
    <ClInclude Include="DebugLevel.h">
      <Filter>Level</Filter>
    </ClInclude>
    <ClInclude Include="StructureUnit.h">
      <Filter>Object\Structure</Filter>
    </ClInclude>
    <ClInclude Include="EndFlag.h">
      <Filter>Object\Structure</Filter>
    </ClInclude>
    <ClInclude Include="Castle.h">
      <Filter>Object\Structure</Filter>
    </ClInclude>
    <ClInclude Include="MainPlayer.h">
      <Filter>Object</Filter>
    </ClInclude>
    <ClInclude Include="1_4StageLevel.h">
      <Filter>Level\Stage1-4</Filter>
    </ClInclude>
    <ClInclude Include="BackGroundMap.h">
      <Filter>Object\Map</Filter>
    </ClInclude>
    <ClInclude Include="CollisionMap.h">
      <Filter>Object\Map</Filter>
    </ClInclude>
  </ItemGroup>
  <ItemGroup>
    <ClCompile Include="ContentsCore.cpp" />
    <ClCompile Include="TitleLevel.cpp">
      <Filter>Level\Title</Filter>
    </ClCompile>
    <ClCompile Include="TitleBackGround.cpp">
      <Filter>Level\Title\Actor</Filter>
    </ClCompile>
    <ClCompile Include="TitleCoin.cpp">
      <Filter>Level\Title\Actor</Filter>
    </ClCompile>
    <ClCompile Include="1_1StageLevel.cpp">
      <Filter>Level\Stage1-1</Filter>
    </ClCompile>
    <ClCompile Include="PlayerMario.cpp">
      <Filter>Object\Player</Filter>
    </ClCompile>
    <ClCompile Include="EndingLevel.cpp">
      <Filter>Level\Ending</Filter>
    </ClCompile>
    <ClCompile Include="EndingBackGround.cpp">
      <Filter>Level\Ending\Actor</Filter>
    </ClCompile>
    <ClCompile Include="EndingMessage.cpp">
      <Filter>Level\Ending\Actor</Filter>
    </ClCompile>
    <ClCompile Include="InGameValue.cpp">
      <Filter>ContentsHelper</Filter>
    </ClCompile>
    <ClCompile Include="ContentsFunction.cpp">
      <Filter>ContentsHelper</Filter>
    </ClCompile>
    <ClCompile Include="Goomba.cpp">
      <Filter>Object\Monster</Filter>
    </ClCompile>
    <ClCompile Include="KoopaTroopa.cpp">
      <Filter>Object\Monster</Filter>
    </ClCompile>
    <ClCompile Include="StateUnit.cpp">
      <Filter>Object</Filter>
    </ClCompile>
    <ClCompile Include="PiranhaPlant.cpp">
      <Filter>Object\Monster</Filter>
    </ClCompile>
    <ClCompile Include="TestLevel.cpp">
      <Filter>Level\TestLevel</Filter>
    </ClCompile>
    <ClCompile Include="UI.cpp">
      <Filter>Object\UI</Filter>
    </ClCompile>
    <ClCompile Include="CoinBlock.cpp">
      <Filter>Object\Block</Filter>
    </ClCompile>
    <ClCompile Include="BrickBlock.cpp">
      <Filter>Object\Block</Filter>
    </ClCompile>
    <ClCompile Include="ItemUnit.cpp">
      <Filter>Object\Item</Filter>
    </ClCompile>
    <ClCompile Include="BlockUnit.cpp">
      <Filter>Object\Block</Filter>
    </ClCompile>
    <ClCompile Include="MonsterUnit.cpp">
      <Filter>Object\Monster</Filter>
    </ClCompile>
    <ClCompile Include="BlockCoin.cpp">
      <Filter>Object\Item</Filter>
    </ClCompile>
    <ClCompile Include="Mushroom.cpp">
      <Filter>Object\Item</Filter>
    </ClCompile>
    <ClCompile Include="FireFlower.cpp">
      <Filter>Object\Item</Filter>
    </ClCompile>
    <ClCompile Include="StageLevel.cpp">
      <Filter>Level</Filter>
    </ClCompile>
    <ClCompile Include="DebugLevel.cpp">
      <Filter>Level</Filter>
    </ClCompile>
    <ClCompile Include="StructureUnit.cpp">
      <Filter>Object\Structure</Filter>
    </ClCompile>
    <ClCompile Include="EndFlag.cpp">
      <Filter>Object\Structure</Filter>
    </ClCompile>
    <ClCompile Include="Castle.cpp">
      <Filter>Object\Structure</Filter>
    </ClCompile>
    <ClCompile Include="MainPlayer.cpp">
      <Filter>Object</Filter>
    </ClCompile>
    <ClCompile Include="1_4StageLevel.cpp">
      <Filter>Level\Stage1-4</Filter>
    </ClCompile>
    <ClCompile Include="BackGroundMap.cpp">
      <Filter>Object\Map</Filter>
    </ClCompile>
    <ClCompile Include="CollisionMap.cpp">
      <Filter>Object\Map</Filter>
    </ClCompile>
  </ItemGroup>
  <ItemGroup>
    <Filter Include="ContentsHelper">
      <UniqueIdentifier>{684d1bd9-ab39-4302-b267-1595f4ea6054}</UniqueIdentifier>
    </Filter>
    <Filter Include="Object">
      <UniqueIdentifier>{7c5b5a4a-9c4e-423e-97bd-26714342ee73}</UniqueIdentifier>
    </Filter>
    <Filter Include="Level">
      <UniqueIdentifier>{11c97b29-3130-457b-9676-0ed0b777e488}</UniqueIdentifier>
    </Filter>
    <Filter Include="Level\Title">
      <UniqueIdentifier>{b2b49b77-6b9c-4b7f-9f81-9cc5ad6646ca}</UniqueIdentifier>
    </Filter>
    <Filter Include="Level\Title\Actor">
      <UniqueIdentifier>{5bb86687-b42e-48c0-bafb-fdb5c9aae956}</UniqueIdentifier>
    </Filter>
    <Filter Include="Level\Ending">
      <UniqueIdentifier>{a058ab92-c3f2-4008-be57-34523cde488a}</UniqueIdentifier>
    </Filter>
    <Filter Include="Level\Ending\Actor">
      <UniqueIdentifier>{6d8014be-edbd-45fe-87e8-92981e6a5f76}</UniqueIdentifier>
    </Filter>
    <Filter Include="Level\Stage1-1">
      <UniqueIdentifier>{c44e7e1c-7d68-496d-b02f-fd49445bbe07}</UniqueIdentifier>
    </Filter>
    <Filter Include="Object\Player">
      <UniqueIdentifier>{4f380fdc-c820-4e41-88eb-56a5f726ff9b}</UniqueIdentifier>
    </Filter>
    <Filter Include="Object\Monster">
      <UniqueIdentifier>{b5e70565-51e7-4f0a-8803-ac5557324f07}</UniqueIdentifier>
    </Filter>
    <Filter Include="Level\TestLevel">
      <UniqueIdentifier>{deeed926-378e-4ef2-952f-8286a87d81bc}</UniqueIdentifier>
    </Filter>
    <Filter Include="Object\Block">
      <UniqueIdentifier>{3264cf1d-ff81-4d14-a922-10e0411350ff}</UniqueIdentifier>
    </Filter>
    <Filter Include="Object\UI">
      <UniqueIdentifier>{0516370b-6999-4b67-9482-54dd8e7be8ee}</UniqueIdentifier>
    </Filter>
    <Filter Include="Object\Item">
      <UniqueIdentifier>{a9613493-a6ac-4c50-9dc8-40dc8d855644}</UniqueIdentifier>
    </Filter>
    <Filter Include="Object\Structure">
      <UniqueIdentifier>{5c00217e-be7b-4558-9c63-4a8e20a6360a}</UniqueIdentifier>
    </Filter>
    <Filter Include="Level\Stage1-4">
      <UniqueIdentifier>{5b8625dd-e71b-475d-8df6-a3be225c404e}</UniqueIdentifier>
    </Filter>
    <Filter Include="Object\Map">
      <UniqueIdentifier>{451a53b3-4f3d-401a-8077-c8ee335d0b72}</UniqueIdentifier>
    </Filter>
  </ItemGroup>
</Project>