<?xml version="1.0" encoding="utf-8"?>
<Project ToolsVersion="4.0" xmlns="http://schemas.microsoft.com/developer/msbuild/2003">
  <ItemGroup>
    <ClInclude Include="ContentsCore.h" />
    <ClInclude Include="Player.h" />
    <ClInclude Include="TitleLevel.h">
      <Filter>Title</Filter>
    </ClInclude>
    <ClInclude Include="TitleBackGround.h">
      <Filter>Title\Actor</Filter>
    </ClInclude>
    <ClInclude Include="TitleCoin.h">
      <Filter>Title\Actor</Filter>
    </ClInclude>
    <ClInclude Include="1_1StageLevel.h">
      <Filter>Stage1-1</Filter>
    </ClInclude>
  </ItemGroup>
  <ItemGroup>
    <ClCompile Include="ContentsCore.cpp" />
    <ClCompile Include="Player.cpp" />
    <ClCompile Include="TitleLevel.cpp">
      <Filter>Title</Filter>
    </ClCompile>
    <ClCompile Include="TitleBackGround.cpp">
      <Filter>Title\Actor</Filter>
    </ClCompile>
    <ClCompile Include="TitleCoin.cpp">
      <Filter>Title\Actor</Filter>
    </ClCompile>
    <ClCompile Include="1_1StageLevel.cpp">
      <Filter>Stage1-1</Filter>
    </ClCompile>
  </ItemGroup>
  <ItemGroup>
    <Filter Include="Title">
      <UniqueIdentifier>{b2b49b77-6b9c-4b7f-9f81-9cc5ad6646ca}</UniqueIdentifier>
    </Filter>
    <Filter Include="Title\Actor">
      <UniqueIdentifier>{5bb86687-b42e-48c0-bafb-fdb5c9aae956}</UniqueIdentifier>
    </Filter>
    <Filter Include="Stage1-1">
      <UniqueIdentifier>{c44e7e1c-7d68-496d-b02f-fd49445bbe07}</UniqueIdentifier>
    </Filter>
    <Filter Include="Stage1-1\Actor">
      <UniqueIdentifier>{ba34b179-ef07-4e81-b013-93d5f5f33181}</UniqueIdentifier>
    </Filter>
  </ItemGroup>
</Project>